
Microsoft Visual Studio Solution File, Format Version 12.00
# Visual Studio Version 16
VisualStudioVersion = 16.0.30611.23
MinimumVisualStudioVersion = 10.0.40219.1
Project("{FAE04EC0-301F-11D3-BF4B-00C04F79EFBC}") = "01Statyczne", "01Statyczne.csproj", "{0289CA60-23B6-42BA-ABD0-3AB415D9CB74}"
EndProject
Project("{FAE04EC0-301F-11D3-BF4B-00C04F79EFBC}") = "02Rozszerzenie", "..\02Rozszerzenie\02Rozszerzenie.csproj", "{0ABF033E-9FDE-426D-86D7-5A152B8C61F8}"
EndProject
Project("{FAE04EC0-301F-11D3-BF4B-00C04F79EFBC}") = "StaticSamples", "..\StaticSamples\StaticSamples.csproj", "{9176178C-24FE-419C-B8C9-B76DE153C06A}"
EndProject
Global
	GlobalSection(SolutionConfigurationPlatforms) = preSolution
		Debug|Any CPU = Debug|Any CPU
		Release|Any CPU = Release|Any CPU
	EndGlobalSection
	GlobalSection(ProjectConfigurationPlatforms) = postSolution
		{0289CA60-23B6-42BA-ABD0-3AB415D9CB74}.Debug|Any CPU.ActiveCfg = Debug|Any CPU
		{0289CA60-23B6-42BA-ABD0-3AB415D9CB74}.Debug|Any CPU.Build.0 = Debug|Any CPU
		{0289CA60-23B6-42BA-ABD0-3AB415D9CB74}.Release|Any CPU.ActiveCfg = Release|Any CPU
		{0289CA60-23B6-42BA-ABD0-3AB415D9CB74}.Release|Any CPU.Build.0 = Release|Any CPU
		{0ABF033E-9FDE-426D-86D7-5A152B8C61F8}.Debug|Any CPU.ActiveCfg = Debug|Any CPU
		{0ABF033E-9FDE-426D-86D7-5A152B8C61F8}.Debug|Any CPU.Build.0 = Debug|Any CPU
		{0ABF033E-9FDE-426D-86D7-5A152B8C61F8}.Release|Any CPU.ActiveCfg = Release|Any CPU
		{0ABF033E-9FDE-426D-86D7-5A152B8C61F8}.Release|Any CPU.Build.0 = Release|Any CPU
		{9176178C-24FE-419C-B8C9-B76DE153C06A}.Debug|Any CPU.ActiveCfg = Debug|Any CPU
		{9176178C-24FE-419C-B8C9-B76DE153C06A}.Debug|Any CPU.Build.0 = Debug|Any CPU
		{9176178C-24FE-419C-B8C9-B76DE153C06A}.Release|Any CPU.ActiveCfg = Release|Any CPU
		{9176178C-24FE-419C-B8C9-B76DE153C06A}.Release|Any CPU.Build.0 = Release|Any CPU
	EndGlobalSection
	GlobalSection(SolutionProperties) = preSolution
		HideSolutionNode = FALSE
	EndGlobalSection
	GlobalSection(ExtensibilityGlobals) = postSolution
		SolutionGuid = {0E40C8F3-CE75-4970-8399-7DC803DB48B5}
	EndGlobalSection
EndGlobal
