
Microsoft Visual Studio Solution File, Format Version 12.00
# Visual Studio Version 16
VisualStudioVersion = 16.0.31729.503
MinimumVisualStudioVersion = 10.0.40219.1
Project("{FAE04EC0-301F-11D3-BF4B-00C04F79EFBC}") = "01InternalProtected", "01InternalProtected.csproj", "{42C89CC8-56AA-41B5-BEC4-5661DE1968A9}"
EndProject
Project("{FAE04EC0-301F-11D3-BF4B-00C04F79EFBC}") = "02Protected", "..\02Protected\02Protected.csproj", "{ABF4563E-B808-44F5-9232-188D2A43AFB5}"
EndProject
Project("{FAE04EC0-301F-11D3-BF4B-00C04F79EFBC}") = "03KolejnoscKonstrukcji", "..\03KolejnoscKonstrukcji\03KolejnoscKonstrukcji.csproj", "{B0436E58-51CC-4663-BB09-578D382F68C1}"
EndProject
Project("{FAE04EC0-301F-11D3-BF4B-00C04F79EFBC}") = "04ZgodnoscTypow", "..\04ZgodnoscTypow\04ZgodnoscTypow.csproj", "{AE7E49EC-7586-414B-BF04-4F7CA8AABAB8}"
EndProject
Project("{FAE04EC0-301F-11D3-BF4B-00C04F79EFBC}") = "00OuterAssembly", "..\00OuterAssembly\00OuterAssembly.csproj", "{5BCD0299-152F-4E12-BE73-082C2BDC3B6A}"
EndProject
Project("{FAE04EC0-301F-11D3-BF4B-00C04F79EFBC}") = "NewMethodCS", "..\NewMethodCS\NewMethodCS.csproj", "{CA11F69F-A4FA-4336-8355-A172208FFCC2}"
EndProject
Global
	GlobalSection(SolutionConfigurationPlatforms) = preSolution
		Debug|Any CPU = Debug|Any CPU
		Debug|x64 = Debug|x64
		Debug|x86 = Debug|x86
		Release|Any CPU = Release|Any CPU
		Release|x64 = Release|x64
		Release|x86 = Release|x86
	EndGlobalSection
	GlobalSection(ProjectConfigurationPlatforms) = postSolution
		{42C89CC8-56AA-41B5-BEC4-5661DE1968A9}.Debug|Any CPU.ActiveCfg = Debug|Any CPU
		{42C89CC8-56AA-41B5-BEC4-5661DE1968A9}.Debug|Any CPU.Build.0 = Debug|Any CPU
		{42C89CC8-56AA-41B5-BEC4-5661DE1968A9}.Debug|x64.ActiveCfg = Debug|Any CPU
		{42C89CC8-56AA-41B5-BEC4-5661DE1968A9}.Debug|x64.Build.0 = Debug|Any CPU
		{42C89CC8-56AA-41B5-BEC4-5661DE1968A9}.Debug|x86.ActiveCfg = Debug|Any CPU
		{42C89CC8-56AA-41B5-BEC4-5661DE1968A9}.Debug|x86.Build.0 = Debug|Any CPU
		{42C89CC8-56AA-41B5-BEC4-5661DE1968A9}.Release|Any CPU.ActiveCfg = Release|Any CPU
		{42C89CC8-56AA-41B5-BEC4-5661DE1968A9}.Release|Any CPU.Build.0 = Release|Any CPU
		{42C89CC8-56AA-41B5-BEC4-5661DE1968A9}.Release|x64.ActiveCfg = Release|Any CPU
		{42C89CC8-56AA-41B5-BEC4-5661DE1968A9}.Release|x64.Build.0 = Release|Any CPU
		{42C89CC8-56AA-41B5-BEC4-5661DE1968A9}.Release|x86.ActiveCfg = Release|Any CPU
		{42C89CC8-56AA-41B5-BEC4-5661DE1968A9}.Release|x86.Build.0 = Release|Any CPU
		{ABF4563E-B808-44F5-9232-188D2A43AFB5}.Debug|Any CPU.ActiveCfg = Debug|Any CPU
		{ABF4563E-B808-44F5-9232-188D2A43AFB5}.Debug|Any CPU.Build.0 = Debug|Any CPU
		{ABF4563E-B808-44F5-9232-188D2A43AFB5}.Debug|x64.ActiveCfg = Debug|Any CPU
		{ABF4563E-B808-44F5-9232-188D2A43AFB5}.Debug|x64.Build.0 = Debug|Any CPU
		{ABF4563E-B808-44F5-9232-188D2A43AFB5}.Debug|x86.ActiveCfg = Debug|Any CPU
		{ABF4563E-B808-44F5-9232-188D2A43AFB5}.Debug|x86.Build.0 = Debug|Any CPU
		{ABF4563E-B808-44F5-9232-188D2A43AFB5}.Release|Any CPU.ActiveCfg = Release|Any CPU
		{ABF4563E-B808-44F5-9232-188D2A43AFB5}.Release|Any CPU.Build.0 = Release|Any CPU
		{ABF4563E-B808-44F5-9232-188D2A43AFB5}.Release|x64.ActiveCfg = Release|Any CPU
		{ABF4563E-B808-44F5-9232-188D2A43AFB5}.Release|x64.Build.0 = Release|Any CPU
		{ABF4563E-B808-44F5-9232-188D2A43AFB5}.Release|x86.ActiveCfg = Release|Any CPU
		{ABF4563E-B808-44F5-9232-188D2A43AFB5}.Release|x86.Build.0 = Release|Any CPU
		{B0436E58-51CC-4663-BB09-578D382F68C1}.Debug|Any CPU.ActiveCfg = Debug|Any CPU
		{B0436E58-51CC-4663-BB09-578D382F68C1}.Debug|Any CPU.Build.0 = Debug|Any CPU
		{B0436E58-51CC-4663-BB09-578D382F68C1}.Debug|x64.ActiveCfg = Debug|Any CPU
		{B0436E58-51CC-4663-BB09-578D382F68C1}.Debug|x64.Build.0 = Debug|Any CPU
		{B0436E58-51CC-4663-BB09-578D382F68C1}.Debug|x86.ActiveCfg = Debug|Any CPU
		{B0436E58-51CC-4663-BB09-578D382F68C1}.Debug|x86.Build.0 = Debug|Any CPU
		{B0436E58-51CC-4663-BB09-578D382F68C1}.Release|Any CPU.ActiveCfg = Release|Any CPU
		{B0436E58-51CC-4663-BB09-578D382F68C1}.Release|Any CPU.Build.0 = Release|Any CPU
		{B0436E58-51CC-4663-BB09-578D382F68C1}.Release|x64.ActiveCfg = Release|Any CPU
		{B0436E58-51CC-4663-BB09-578D382F68C1}.Release|x64.Build.0 = Release|Any CPU
		{B0436E58-51CC-4663-BB09-578D382F68C1}.Release|x86.ActiveCfg = Release|Any CPU
		{B0436E58-51CC-4663-BB09-578D382F68C1}.Release|x86.Build.0 = Release|Any CPU
		{AE7E49EC-7586-414B-BF04-4F7CA8AABAB8}.Debug|Any CPU.ActiveCfg = Debug|Any CPU
		{AE7E49EC-7586-414B-BF04-4F7CA8AABAB8}.Debug|Any CPU.Build.0 = Debug|Any CPU
		{AE7E49EC-7586-414B-BF04-4F7CA8AABAB8}.Debug|x64.ActiveCfg = Debug|Any CPU
		{AE7E49EC-7586-414B-BF04-4F7CA8AABAB8}.Debug|x64.Build.0 = Debug|Any CPU
		{AE7E49EC-7586-414B-BF04-4F7CA8AABAB8}.Debug|x86.ActiveCfg = Debug|Any CPU
		{AE7E49EC-7586-414B-BF04-4F7CA8AABAB8}.Debug|x86.Build.0 = Debug|Any CPU
		{AE7E49EC-7586-414B-BF04-4F7CA8AABAB8}.Release|Any CPU.ActiveCfg = Release|Any CPU
		{AE7E49EC-7586-414B-BF04-4F7CA8AABAB8}.Release|Any CPU.Build.0 = Release|Any CPU
		{AE7E49EC-7586-414B-BF04-4F7CA8AABAB8}.Release|x64.ActiveCfg = Release|Any CPU
		{AE7E49EC-7586-414B-BF04-4F7CA8AABAB8}.Release|x64.Build.0 = Release|Any CPU
		{AE7E49EC-7586-414B-BF04-4F7CA8AABAB8}.Release|x86.ActiveCfg = Release|Any CPU
		{AE7E49EC-7586-414B-BF04-4F7CA8AABAB8}.Release|x86.Build.0 = Release|Any CPU
		{5BCD0299-152F-4E12-BE73-082C2BDC3B6A}.Debug|Any CPU.ActiveCfg = Debug|Any CPU
		{5BCD0299-152F-4E12-BE73-082C2BDC3B6A}.Debug|Any CPU.Build.0 = Debug|Any CPU
		{5BCD0299-152F-4E12-BE73-082C2BDC3B6A}.Debug|x64.ActiveCfg = Debug|Any CPU
		{5BCD0299-152F-4E12-BE73-082C2BDC3B6A}.Debug|x64.Build.0 = Debug|Any CPU
		{5BCD0299-152F-4E12-BE73-082C2BDC3B6A}.Debug|x86.ActiveCfg = Debug|Any CPU
		{5BCD0299-152F-4E12-BE73-082C2BDC3B6A}.Debug|x86.Build.0 = Debug|Any CPU
		{5BCD0299-152F-4E12-BE73-082C2BDC3B6A}.Release|Any CPU.ActiveCfg = Release|Any CPU
		{5BCD0299-152F-4E12-BE73-082C2BDC3B6A}.Release|Any CPU.Build.0 = Release|Any CPU
		{5BCD0299-152F-4E12-BE73-082C2BDC3B6A}.Release|x64.ActiveCfg = Release|Any CPU
		{5BCD0299-152F-4E12-BE73-082C2BDC3B6A}.Release|x64.Build.0 = Release|Any CPU
		{5BCD0299-152F-4E12-BE73-082C2BDC3B6A}.Release|x86.ActiveCfg = Release|Any CPU
		{5BCD0299-152F-4E12-BE73-082C2BDC3B6A}.Release|x86.Build.0 = Release|Any CPU
		{CA11F69F-A4FA-4336-8355-A172208FFCC2}.Debug|Any CPU.ActiveCfg = Debug|Any CPU
		{CA11F69F-A4FA-4336-8355-A172208FFCC2}.Debug|Any CPU.Build.0 = Debug|Any CPU
		{CA11F69F-A4FA-4336-8355-A172208FFCC2}.Debug|x64.ActiveCfg = Debug|Any CPU
		{CA11F69F-A4FA-4336-8355-A172208FFCC2}.Debug|x64.Build.0 = Debug|Any CPU
		{CA11F69F-A4FA-4336-8355-A172208FFCC2}.Debug|x86.ActiveCfg = Debug|Any CPU
		{CA11F69F-A4FA-4336-8355-A172208FFCC2}.Debug|x86.Build.0 = Debug|Any CPU
		{CA11F69F-A4FA-4336-8355-A172208FFCC2}.Release|Any CPU.ActiveCfg = Release|Any CPU
		{CA11F69F-A4FA-4336-8355-A172208FFCC2}.Release|Any CPU.Build.0 = Release|Any CPU
		{CA11F69F-A4FA-4336-8355-A172208FFCC2}.Release|x64.ActiveCfg = Release|Any CPU
		{CA11F69F-A4FA-4336-8355-A172208FFCC2}.Release|x64.Build.0 = Release|Any CPU
		{CA11F69F-A4FA-4336-8355-A172208FFCC2}.Release|x86.ActiveCfg = Release|Any CPU
		{CA11F69F-A4FA-4336-8355-A172208FFCC2}.Release|x86.Build.0 = Release|Any CPU
	EndGlobalSection
	GlobalSection(SolutionProperties) = preSolution
		HideSolutionNode = FALSE
	EndGlobalSection
	GlobalSection(ExtensibilityGlobals) = postSolution
		SolutionGuid = {F5F6E11D-BB8D-4F22-8DE9-2A3AA64959EA}
	EndGlobalSection
EndGlobal
