Microsoft Visual Studio Solution File, Format Version 12.00
Project("{FAE04EC0-301F-11D3-BF4B-00C04F79EFBC}") = "EmployeesRegistry", "EmployeesRegistry\EmployeesRegistry.csproj", "{3274D3AB-8011-4D21-ACEE-760D8A5144AA}"
EndProject
Project("{FAE04EC0-301F-11D3-BF4B-00C04F79EFBC}") = "EmployeesRegistryTest", "EmployeesRegistryTest\EmployeesRegistryTest.csproj", "{5267288A-A292-4FC3-A5BA-55E85FF3FCDA}"
EndProject
Global
	GlobalSection(SolutionConfigurationPlatforms) = preSolution
		Debug|Any CPU = Debug|Any CPU
		Release|Any CPU = Release|Any CPU
	EndGlobalSection
	GlobalSection(ProjectConfigurationPlatforms) = postSolution
		{3274D3AB-8011-4D21-ACEE-760D8A5144AA}.Debug|Any CPU.ActiveCfg = Debug|Any CPU
		{3274D3AB-8011-4D21-ACEE-760D8A5144AA}.Debug|Any CPU.Build.0 = Debug|Any CPU
		{3274D3AB-8011-4D21-ACEE-760D8A5144AA}.Release|Any CPU.ActiveCfg = Release|Any CPU
		{3274D3AB-8011-4D21-ACEE-760D8A5144AA}.Release|Any CPU.Build.0 = Release|Any CPU
		{5267288A-A292-4FC3-A5BA-55E85FF3FCDA}.Debug|Any CPU.ActiveCfg = Debug|Any CPU
		{5267288A-A292-4FC3-A5BA-55E85FF3FCDA}.Debug|Any CPU.Build.0 = Debug|Any CPU
		{5267288A-A292-4FC3-A5BA-55E85FF3FCDA}.Release|Any CPU.ActiveCfg = Release|Any CPU
		{5267288A-A292-4FC3-A5BA-55E85FF3FCDA}.Release|Any CPU.Build.0 = Release|Any CPU
	EndGlobalSection
EndGlobal

