
Microsoft Visual Studio Solution File, Format Version 12.00
# Visual Studio Version 16
VisualStudioVersion = 16.0.28922.388
MinimumVisualStudioVersion = 10.0.40219.1
Project("{FAE04EC0-301F-11D3-BF4B-00C04F79EFBC}") = "TDD2", "TDD2\TDD2.csproj", "{3568E9CE-A8CF-4743-9D9C-D59F88354EE1}"
EndProject
Project("{FAE04EC0-301F-11D3-BF4B-00C04F79EFBC}") = "TDD2Test", "..\TDD2Test\TDD2Test.csproj", "{E095567C-EA9E-4201-AA21-0140223E6D06}"
EndProject
Global
	GlobalSection(SolutionConfigurationPlatforms) = preSolution
		Debug|Any CPU = Debug|Any CPU
		Release|Any CPU = Release|Any CPU
	EndGlobalSection
	GlobalSection(ProjectConfigurationPlatforms) = postSolution
		{3568E9CE-A8CF-4743-9D9C-D59F88354EE1}.Debug|Any CPU.ActiveCfg = Debug|Any CPU
		{3568E9CE-A8CF-4743-9D9C-D59F88354EE1}.Debug|Any CPU.Build.0 = Debug|Any CPU
		{3568E9CE-A8CF-4743-9D9C-D59F88354EE1}.Release|Any CPU.ActiveCfg = Release|Any CPU
		{3568E9CE-A8CF-4743-9D9C-D59F88354EE1}.Release|Any CPU.Build.0 = Release|Any CPU
		{E095567C-EA9E-4201-AA21-0140223E6D06}.Debug|Any CPU.ActiveCfg = Debug|Any CPU
		{E095567C-EA9E-4201-AA21-0140223E6D06}.Debug|Any CPU.Build.0 = Debug|Any CPU
		{E095567C-EA9E-4201-AA21-0140223E6D06}.Release|Any CPU.ActiveCfg = Release|Any CPU
		{E095567C-EA9E-4201-AA21-0140223E6D06}.Release|Any CPU.Build.0 = Release|Any CPU
	EndGlobalSection
	GlobalSection(SolutionProperties) = preSolution
		HideSolutionNode = FALSE
	EndGlobalSection
	GlobalSection(ExtensibilityGlobals) = postSolution
		SolutionGuid = {504F0471-0C55-4D9B-9B65-0FF4F9B9B238}
	EndGlobalSection
EndGlobal
