
Microsoft Visual Studio Solution File, Format Version 12.00
# Visual Studio 15
VisualStudioVersion = 15.0.26730.16
MinimumVisualStudioVersion = 10.0.40219.1
Project("{FAE04EC0-301F-11D3-BF4B-00C04F79EFBC}") = "01Sejf", "01Sejf.csproj", "{C6D70715-523D-4FA3-8DB7-84E944536460}"
EndProject
Project("{FAE04EC0-301F-11D3-BF4B-00C04F79EFBC}") = "02Maks", "..\02Maks\02Maks.csproj", "{0F6F159E-53DA-445C-9B62-7F9100575680}"
EndProject
Project("{FAE04EC0-301F-11D3-BF4B-00C04F79EFBC}") = "03GenericDelegates", "..\03GenericDelegates\03GenericDelegates.csproj", "{E3838CF1-F37C-4FFB-947A-22003BA062FA}"
EndProject
Project("{FAE04EC0-301F-11D3-BF4B-00C04F79EFBC}") = "04LoggerDelegate", "..\04LoggerDelegate\04LoggerDelegate.csproj", "{48160634-E09D-41D4-A815-AE2B07FD867B}"
EndProject
Global
	GlobalSection(SolutionConfigurationPlatforms) = preSolution
		Debug|Any CPU = Debug|Any CPU
		Release|Any CPU = Release|Any CPU
	EndGlobalSection
	GlobalSection(ProjectConfigurationPlatforms) = postSolution
		{C6D70715-523D-4FA3-8DB7-84E944536460}.Debug|Any CPU.ActiveCfg = Debug|Any CPU
		{C6D70715-523D-4FA3-8DB7-84E944536460}.Debug|Any CPU.Build.0 = Debug|Any CPU
		{C6D70715-523D-4FA3-8DB7-84E944536460}.Release|Any CPU.ActiveCfg = Release|Any CPU
		{C6D70715-523D-4FA3-8DB7-84E944536460}.Release|Any CPU.Build.0 = Release|Any CPU
		{0F6F159E-53DA-445C-9B62-7F9100575680}.Debug|Any CPU.ActiveCfg = Debug|Any CPU
		{0F6F159E-53DA-445C-9B62-7F9100575680}.Debug|Any CPU.Build.0 = Debug|Any CPU
		{0F6F159E-53DA-445C-9B62-7F9100575680}.Release|Any CPU.ActiveCfg = Release|Any CPU
		{0F6F159E-53DA-445C-9B62-7F9100575680}.Release|Any CPU.Build.0 = Release|Any CPU
		{E3838CF1-F37C-4FFB-947A-22003BA062FA}.Debug|Any CPU.ActiveCfg = Debug|Any CPU
		{E3838CF1-F37C-4FFB-947A-22003BA062FA}.Debug|Any CPU.Build.0 = Debug|Any CPU
		{E3838CF1-F37C-4FFB-947A-22003BA062FA}.Release|Any CPU.ActiveCfg = Release|Any CPU
		{E3838CF1-F37C-4FFB-947A-22003BA062FA}.Release|Any CPU.Build.0 = Release|Any CPU
		{48160634-E09D-41D4-A815-AE2B07FD867B}.Debug|Any CPU.ActiveCfg = Debug|Any CPU
		{48160634-E09D-41D4-A815-AE2B07FD867B}.Debug|Any CPU.Build.0 = Debug|Any CPU
		{48160634-E09D-41D4-A815-AE2B07FD867B}.Release|Any CPU.ActiveCfg = Release|Any CPU
		{48160634-E09D-41D4-A815-AE2B07FD867B}.Release|Any CPU.Build.0 = Release|Any CPU
	EndGlobalSection
	GlobalSection(SolutionProperties) = preSolution
		HideSolutionNode = FALSE
	EndGlobalSection
	GlobalSection(ExtensibilityGlobals) = postSolution
		SolutionGuid = {9BE160D1-6C8B-4007-AF4F-25C8CE70FFE5}
	EndGlobalSection
EndGlobal
