
Microsoft Visual Studio Solution File, Format Version 12.00
# Visual Studio 14
VisualStudioVersion = 14.0.25420.1
MinimumVisualStudioVersion = 10.0.40219.1
Project("{FAE04EC0-301F-11D3-BF4B-00C04F79EFBC}") = "01Punkt", "01Punkt.csproj", "{D8999E57-4636-4431-80D9-A38867768D02}"
EndProject
Project("{FAE04EC0-301F-11D3-BF4B-00C04F79EFBC}") = "02Osoba", "..\02Osoba\02Osoba.csproj", "{5337EB09-84C0-41B0-9A6F-B54193242EC8}"
EndProject
Project("{FAE04EC0-301F-11D3-BF4B-00C04F79EFBC}") = "03Structures", "03Structures\03Structures.csproj", "{16FFED0C-C42B-4465-8206-8D5189DDFC0D}"
EndProject
Global
	GlobalSection(SolutionConfigurationPlatforms) = preSolution
		Debug|Any CPU = Debug|Any CPU
		Release|Any CPU = Release|Any CPU
	EndGlobalSection
	GlobalSection(ProjectConfigurationPlatforms) = postSolution
		{D8999E57-4636-4431-80D9-A38867768D02}.Debug|Any CPU.ActiveCfg = Debug|Any CPU
		{D8999E57-4636-4431-80D9-A38867768D02}.Debug|Any CPU.Build.0 = Debug|Any CPU
		{D8999E57-4636-4431-80D9-A38867768D02}.Release|Any CPU.ActiveCfg = Release|Any CPU
		{D8999E57-4636-4431-80D9-A38867768D02}.Release|Any CPU.Build.0 = Release|Any CPU
		{5337EB09-84C0-41B0-9A6F-B54193242EC8}.Debug|Any CPU.ActiveCfg = Debug|Any CPU
		{5337EB09-84C0-41B0-9A6F-B54193242EC8}.Debug|Any CPU.Build.0 = Debug|Any CPU
		{5337EB09-84C0-41B0-9A6F-B54193242EC8}.Release|Any CPU.ActiveCfg = Release|Any CPU
		{5337EB09-84C0-41B0-9A6F-B54193242EC8}.Release|Any CPU.Build.0 = Release|Any CPU
		{16FFED0C-C42B-4465-8206-8D5189DDFC0D}.Debug|Any CPU.ActiveCfg = Debug|Any CPU
		{16FFED0C-C42B-4465-8206-8D5189DDFC0D}.Debug|Any CPU.Build.0 = Debug|Any CPU
		{16FFED0C-C42B-4465-8206-8D5189DDFC0D}.Release|Any CPU.ActiveCfg = Release|Any CPU
		{16FFED0C-C42B-4465-8206-8D5189DDFC0D}.Release|Any CPU.Build.0 = Release|Any CPU
	EndGlobalSection
	GlobalSection(SolutionProperties) = preSolution
		HideSolutionNode = FALSE
	EndGlobalSection
EndGlobal
