
Microsoft Visual Studio Solution File, Format Version 12.00
# Visual Studio 15
VisualStudioVersion = 15.0.27703.2042
MinimumVisualStudioVersion = 10.0.40219.1
Project("{FAE04EC0-301F-11D3-BF4B-00C04F79EFBC}") = "ConsoleUI", "ConsoleUI\ConsoleUI.csproj", "{10E59F55-3103-4DD5-9BDE-8E2C51B87A38}"
EndProject
Project("{FAE04EC0-301F-11D3-BF4B-00C04F79EFBC}") = "DemoLibrary", "DemoLibrary\DemoLibrary.csproj", "{C68801B6-7981-498A-88D0-E5B4879731BA}"
EndProject
Global
	GlobalSection(SolutionConfigurationPlatforms) = preSolution
		Debug|Any CPU = Debug|Any CPU
		Release|Any CPU = Release|Any CPU
	EndGlobalSection
	GlobalSection(ProjectConfigurationPlatforms) = postSolution
		{10E59F55-3103-4DD5-9BDE-8E2C51B87A38}.Debug|Any CPU.ActiveCfg = Debug|Any CPU
		{10E59F55-3103-4DD5-9BDE-8E2C51B87A38}.Debug|Any CPU.Build.0 = Debug|Any CPU
		{10E59F55-3103-4DD5-9BDE-8E2C51B87A38}.Release|Any CPU.ActiveCfg = Release|Any CPU
		{10E59F55-3103-4DD5-9BDE-8E2C51B87A38}.Release|Any CPU.Build.0 = Release|Any CPU
		{C68801B6-7981-498A-88D0-E5B4879731BA}.Debug|Any CPU.ActiveCfg = Debug|Any CPU
		{C68801B6-7981-498A-88D0-E5B4879731BA}.Debug|Any CPU.Build.0 = Debug|Any CPU
		{C68801B6-7981-498A-88D0-E5B4879731BA}.Release|Any CPU.ActiveCfg = Release|Any CPU
		{C68801B6-7981-498A-88D0-E5B4879731BA}.Release|Any CPU.Build.0 = Release|Any CPU
	EndGlobalSection
	GlobalSection(SolutionProperties) = preSolution
		HideSolutionNode = FALSE
	EndGlobalSection
	GlobalSection(ExtensibilityGlobals) = postSolution
		SolutionGuid = {DA61E7A7-BC22-4E6F-B2CE-664703297567}
	EndGlobalSection
EndGlobal
